
Microsoft Visual Studio Solution File, Format Version 12.00
# Visual Studio Version 16
VisualStudioVersion = 16.0.30503.244
MinimumVisualStudioVersion = 10.0.40219.1
Project("{FAE04EC0-301F-11D3-BF4B-00C04F79EFBC}") = "RoboticController.UWP", "RoboticController.UWP\RoboticController.UWP.csproj", "{11C616FD-3D46-4163-9EC4-F656CF1DB920}"
EndProject
Project("{FAE04EC0-301F-11D3-BF4B-00C04F79EFBC}") = "RoboticController.Android", "RoboticController.Android\RoboticController.Android.csproj", "{F0F1E558-F0B3-47B4-859C-6D7D84D8CD4A}"
EndProject
Project("{9A19103F-16F7-4668-BE54-9A1E7A4F7556}") = "RoboticController", "RoboticController\RoboticController.csproj", "{DCE278A8-A43D-48EB-B1A2-32A6D975FF44}"
EndProject
Project("{FAE04EC0-301F-11D3-BF4B-00C04F79EFBC}") = "Monkey.BluetoothLE.Droid", "Monkey.BluetoothLE.Droid\Monkey.BluetoothLE.Droid.csproj", "{0040B1B9-6E22-438A-A6A7-A5A00B2B89B1}"
EndProject
Project("{FAE04EC0-301F-11D3-BF4B-00C04F79EFBC}") = "Monkey.BluetoothLE.UWP", "Monkey.BluetoothLE.UWP\Monkey.BluetoothLE.UWP.csproj", "{AC02A4CA-8F3E-448E-8A81-3AC9C653BEBA}"
EndProject
Project("{9A19103F-16F7-4668-BE54-9A1E7A4F7556}") = "BLE.Core", "BLE.Core\BLE.Core.csproj", "{D013276D-8334-4EA2-B6B4-58F7D23F7093}"
EndProject
Global
	GlobalSection(SolutionConfigurationPlatforms) = preSolution
		Debug|Any CPU = Debug|Any CPU
		Debug|ARM = Debug|ARM
		Debug|x64 = Debug|x64
		Debug|x86 = Debug|x86
		Release|Any CPU = Release|Any CPU
		Release|ARM = Release|ARM
		Release|x64 = Release|x64
		Release|x86 = Release|x86
	EndGlobalSection
	GlobalSection(ProjectConfigurationPlatforms) = postSolution
		{11C616FD-3D46-4163-9EC4-F656CF1DB920}.Debug|Any CPU.ActiveCfg = Debug|x86
		{11C616FD-3D46-4163-9EC4-F656CF1DB920}.Debug|Any CPU.Build.0 = Debug|x86
		{11C616FD-3D46-4163-9EC4-F656CF1DB920}.Debug|Any CPU.Deploy.0 = Debug|x86
		{11C616FD-3D46-4163-9EC4-F656CF1DB920}.Debug|ARM.ActiveCfg = Debug|ARM
		{11C616FD-3D46-4163-9EC4-F656CF1DB920}.Debug|ARM.Build.0 = Debug|ARM
		{11C616FD-3D46-4163-9EC4-F656CF1DB920}.Debug|ARM.Deploy.0 = Debug|ARM
		{11C616FD-3D46-4163-9EC4-F656CF1DB920}.Debug|x64.ActiveCfg = Debug|x64
		{11C616FD-3D46-4163-9EC4-F656CF1DB920}.Debug|x64.Build.0 = Debug|x64
		{11C616FD-3D46-4163-9EC4-F656CF1DB920}.Debug|x64.Deploy.0 = Debug|x64
		{11C616FD-3D46-4163-9EC4-F656CF1DB920}.Debug|x86.ActiveCfg = Debug|x86
		{11C616FD-3D46-4163-9EC4-F656CF1DB920}.Debug|x86.Build.0 = Debug|x86
		{11C616FD-3D46-4163-9EC4-F656CF1DB920}.Debug|x86.Deploy.0 = Debug|x86
		{11C616FD-3D46-4163-9EC4-F656CF1DB920}.Release|Any CPU.ActiveCfg = Release|x86
		{11C616FD-3D46-4163-9EC4-F656CF1DB920}.Release|Any CPU.Build.0 = Release|x86
		{11C616FD-3D46-4163-9EC4-F656CF1DB920}.Release|Any CPU.Deploy.0 = Release|x86
		{11C616FD-3D46-4163-9EC4-F656CF1DB920}.Release|ARM.ActiveCfg = Release|ARM
		{11C616FD-3D46-4163-9EC4-F656CF1DB920}.Release|ARM.Build.0 = Release|ARM
		{11C616FD-3D46-4163-9EC4-F656CF1DB920}.Release|ARM.Deploy.0 = Release|ARM
		{11C616FD-3D46-4163-9EC4-F656CF1DB920}.Release|x64.ActiveCfg = Release|x64
		{11C616FD-3D46-4163-9EC4-F656CF1DB920}.Release|x64.Build.0 = Release|x64
		{11C616FD-3D46-4163-9EC4-F656CF1DB920}.Release|x64.Deploy.0 = Release|x64
		{11C616FD-3D46-4163-9EC4-F656CF1DB920}.Release|x86.ActiveCfg = Release|x86
		{11C616FD-3D46-4163-9EC4-F656CF1DB920}.Release|x86.Build.0 = Release|x86
		{11C616FD-3D46-4163-9EC4-F656CF1DB920}.Release|x86.Deploy.0 = Release|x86
		{F0F1E558-F0B3-47B4-859C-6D7D84D8CD4A}.Debug|Any CPU.ActiveCfg = Debug|Any CPU
		{F0F1E558-F0B3-47B4-859C-6D7D84D8CD4A}.Debug|Any CPU.Build.0 = Debug|Any CPU
		{F0F1E558-F0B3-47B4-859C-6D7D84D8CD4A}.Debug|Any CPU.Deploy.0 = Debug|Any CPU
		{F0F1E558-F0B3-47B4-859C-6D7D84D8CD4A}.Debug|ARM.ActiveCfg = Debug|Any CPU
		{F0F1E558-F0B3-47B4-859C-6D7D84D8CD4A}.Debug|ARM.Build.0 = Debug|Any CPU
		{F0F1E558-F0B3-47B4-859C-6D7D84D8CD4A}.Debug|ARM.Deploy.0 = Debug|Any CPU
		{F0F1E558-F0B3-47B4-859C-6D7D84D8CD4A}.Debug|x64.ActiveCfg = Debug|Any CPU
		{F0F1E558-F0B3-47B4-859C-6D7D84D8CD4A}.Debug|x64.Build.0 = Debug|Any CPU
		{F0F1E558-F0B3-47B4-859C-6D7D84D8CD4A}.Debug|x64.Deploy.0 = Debug|Any CPU
		{F0F1E558-F0B3-47B4-859C-6D7D84D8CD4A}.Debug|x86.ActiveCfg = Debug|Any CPU
		{F0F1E558-F0B3-47B4-859C-6D7D84D8CD4A}.Debug|x86.Build.0 = Debug|Any CPU
		{F0F1E558-F0B3-47B4-859C-6D7D84D8CD4A}.Debug|x86.Deploy.0 = Debug|Any CPU
		{F0F1E558-F0B3-47B4-859C-6D7D84D8CD4A}.Release|Any CPU.ActiveCfg = Release|Any CPU
		{F0F1E558-F0B3-47B4-859C-6D7D84D8CD4A}.Release|Any CPU.Build.0 = Release|Any CPU
		{F0F1E558-F0B3-47B4-859C-6D7D84D8CD4A}.Release|Any CPU.Deploy.0 = Release|Any CPU
		{F0F1E558-F0B3-47B4-859C-6D7D84D8CD4A}.Release|ARM.ActiveCfg = Release|Any CPU
		{F0F1E558-F0B3-47B4-859C-6D7D84D8CD4A}.Release|ARM.Build.0 = Release|Any CPU
		{F0F1E558-F0B3-47B4-859C-6D7D84D8CD4A}.Release|ARM.Deploy.0 = Release|Any CPU
		{F0F1E558-F0B3-47B4-859C-6D7D84D8CD4A}.Release|x64.ActiveCfg = Release|Any CPU
		{F0F1E558-F0B3-47B4-859C-6D7D84D8CD4A}.Release|x64.Build.0 = Release|Any CPU
		{F0F1E558-F0B3-47B4-859C-6D7D84D8CD4A}.Release|x64.Deploy.0 = Release|Any CPU
		{F0F1E558-F0B3-47B4-859C-6D7D84D8CD4A}.Release|x86.ActiveCfg = Release|Any CPU
		{F0F1E558-F0B3-47B4-859C-6D7D84D8CD4A}.Release|x86.Build.0 = Release|Any CPU
		{F0F1E558-F0B3-47B4-859C-6D7D84D8CD4A}.Release|x86.Deploy.0 = Release|Any CPU
		{DCE278A8-A43D-48EB-B1A2-32A6D975FF44}.Debug|Any CPU.ActiveCfg = Debug|Any CPU
		{DCE278A8-A43D-48EB-B1A2-32A6D975FF44}.Debug|Any CPU.Build.0 = Debug|Any CPU
		{DCE278A8-A43D-48EB-B1A2-32A6D975FF44}.Debug|Any CPU.Deploy.0 = Debug|Any CPU
		{DCE278A8-A43D-48EB-B1A2-32A6D975FF44}.Debug|ARM.ActiveCfg = Debug|Any CPU
		{DCE278A8-A43D-48EB-B1A2-32A6D975FF44}.Debug|ARM.Build.0 = Debug|Any CPU
		{DCE278A8-A43D-48EB-B1A2-32A6D975FF44}.Debug|ARM.Deploy.0 = Debug|Any CPU
		{DCE278A8-A43D-48EB-B1A2-32A6D975FF44}.Debug|x64.ActiveCfg = Debug|Any CPU
		{DCE278A8-A43D-48EB-B1A2-32A6D975FF44}.Debug|x64.Build.0 = Debug|Any CPU
		{DCE278A8-A43D-48EB-B1A2-32A6D975FF44}.Debug|x64.Deploy.0 = Debug|Any CPU
		{DCE278A8-A43D-48EB-B1A2-32A6D975FF44}.Debug|x86.ActiveCfg = Debug|Any CPU
		{DCE278A8-A43D-48EB-B1A2-32A6D975FF44}.Debug|x86.Build.0 = Debug|Any CPU
		{DCE278A8-A43D-48EB-B1A2-32A6D975FF44}.Debug|x86.Deploy.0 = Debug|Any CPU
		{DCE278A8-A43D-48EB-B1A2-32A6D975FF44}.Release|Any CPU.ActiveCfg = Release|Any CPU
		{DCE278A8-A43D-48EB-B1A2-32A6D975FF44}.Release|Any CPU.Build.0 = Release|Any CPU
		{DCE278A8-A43D-48EB-B1A2-32A6D975FF44}.Release|Any CPU.Deploy.0 = Release|Any CPU
		{DCE278A8-A43D-48EB-B1A2-32A6D975FF44}.Release|ARM.ActiveCfg = Release|Any CPU
		{DCE278A8-A43D-48EB-B1A2-32A6D975FF44}.Release|ARM.Build.0 = Release|Any CPU
		{DCE278A8-A43D-48EB-B1A2-32A6D975FF44}.Release|ARM.Deploy.0 = Release|Any CPU
		{DCE278A8-A43D-48EB-B1A2-32A6D975FF44}.Release|x64.ActiveCfg = Release|Any CPU
		{DCE278A8-A43D-48EB-B1A2-32A6D975FF44}.Release|x64.Build.0 = Release|Any CPU
		{DCE278A8-A43D-48EB-B1A2-32A6D975FF44}.Release|x64.Deploy.0 = Release|Any CPU
		{DCE278A8-A43D-48EB-B1A2-32A6D975FF44}.Release|x86.ActiveCfg = Release|Any CPU
		{DCE278A8-A43D-48EB-B1A2-32A6D975FF44}.Release|x86.Build.0 = Release|Any CPU
		{DCE278A8-A43D-48EB-B1A2-32A6D975FF44}.Release|x86.Deploy.0 = Release|Any CPU
		{0040B1B9-6E22-438A-A6A7-A5A00B2B89B1}.Debug|Any CPU.ActiveCfg = Debug|Any CPU
		{0040B1B9-6E22-438A-A6A7-A5A00B2B89B1}.Debug|Any CPU.Build.0 = Debug|Any CPU
		{0040B1B9-6E22-438A-A6A7-A5A00B2B89B1}.Debug|ARM.ActiveCfg = Debug|Any CPU
		{0040B1B9-6E22-438A-A6A7-A5A00B2B89B1}.Debug|ARM.Build.0 = Debug|Any CPU
		{0040B1B9-6E22-438A-A6A7-A5A00B2B89B1}.Debug|x64.ActiveCfg = Debug|Any CPU
		{0040B1B9-6E22-438A-A6A7-A5A00B2B89B1}.Debug|x64.Build.0 = Debug|Any CPU
		{0040B1B9-6E22-438A-A6A7-A5A00B2B89B1}.Debug|x86.ActiveCfg = Debug|Any CPU
		{0040B1B9-6E22-438A-A6A7-A5A00B2B89B1}.Debug|x86.Build.0 = Debug|Any CPU
		{0040B1B9-6E22-438A-A6A7-A5A00B2B89B1}.Release|Any CPU.ActiveCfg = Release|Any CPU
		{0040B1B9-6E22-438A-A6A7-A5A00B2B89B1}.Release|Any CPU.Build.0 = Release|Any CPU
		{0040B1B9-6E22-438A-A6A7-A5A00B2B89B1}.Release|ARM.ActiveCfg = Release|Any CPU
		{0040B1B9-6E22-438A-A6A7-A5A00B2B89B1}.Release|ARM.Build.0 = Release|Any CPU
		{0040B1B9-6E22-438A-A6A7-A5A00B2B89B1}.Release|x64.ActiveCfg = Release|Any CPU
		{0040B1B9-6E22-438A-A6A7-A5A00B2B89B1}.Release|x64.Build.0 = Release|Any CPU
		{0040B1B9-6E22-438A-A6A7-A5A00B2B89B1}.Release|x86.ActiveCfg = Release|Any CPU
		{0040B1B9-6E22-438A-A6A7-A5A00B2B89B1}.Release|x86.Build.0 = Release|Any CPU
		{AC02A4CA-8F3E-448E-8A81-3AC9C653BEBA}.Debug|Any CPU.ActiveCfg = Debug|Any CPU
		{AC02A4CA-8F3E-448E-8A81-3AC9C653BEBA}.Debug|Any CPU.Build.0 = Debug|Any CPU
		{AC02A4CA-8F3E-448E-8A81-3AC9C653BEBA}.Debug|ARM.ActiveCfg = Debug|ARM
		{AC02A4CA-8F3E-448E-8A81-3AC9C653BEBA}.Debug|ARM.Build.0 = Debug|ARM
		{AC02A4CA-8F3E-448E-8A81-3AC9C653BEBA}.Debug|x64.ActiveCfg = Debug|x64
		{AC02A4CA-8F3E-448E-8A81-3AC9C653BEBA}.Debug|x64.Build.0 = Debug|x64
		{AC02A4CA-8F3E-448E-8A81-3AC9C653BEBA}.Debug|x86.ActiveCfg = Debug|x86
		{AC02A4CA-8F3E-448E-8A81-3AC9C653BEBA}.Debug|x86.Build.0 = Debug|x86
		{AC02A4CA-8F3E-448E-8A81-3AC9C653BEBA}.Release|Any CPU.ActiveCfg = Release|Any CPU
		{AC02A4CA-8F3E-448E-8A81-3AC9C653BEBA}.Release|Any CPU.Build.0 = Release|Any CPU
		{AC02A4CA-8F3E-448E-8A81-3AC9C653BEBA}.Release|ARM.ActiveCfg = Release|ARM
		{AC02A4CA-8F3E-448E-8A81-3AC9C653BEBA}.Release|ARM.Build.0 = Release|ARM
		{AC02A4CA-8F3E-448E-8A81-3AC9C653BEBA}.Release|x64.ActiveCfg = Release|x64
		{AC02A4CA-8F3E-448E-8A81-3AC9C653BEBA}.Release|x64.Build.0 = Release|x64
		{AC02A4CA-8F3E-448E-8A81-3AC9C653BEBA}.Release|x86.ActiveCfg = Release|x86
		{AC02A4CA-8F3E-448E-8A81-3AC9C653BEBA}.Release|x86.Build.0 = Release|x86
		{D013276D-8334-4EA2-B6B4-58F7D23F7093}.Debug|Any CPU.ActiveCfg = Debug|Any CPU
		{D013276D-8334-4EA2-B6B4-58F7D23F7093}.Debug|Any CPU.Build.0 = Debug|Any CPU
		{D013276D-8334-4EA2-B6B4-58F7D23F7093}.Debug|ARM.ActiveCfg = Debug|Any CPU
		{D013276D-8334-4EA2-B6B4-58F7D23F7093}.Debug|ARM.Build.0 = Debug|Any CPU
		{D013276D-8334-4EA2-B6B4-58F7D23F7093}.Debug|x64.ActiveCfg = Debug|Any CPU
		{D013276D-8334-4EA2-B6B4-58F7D23F7093}.Debug|x64.Build.0 = Debug|Any CPU
		{D013276D-8334-4EA2-B6B4-58F7D23F7093}.Debug|x86.ActiveCfg = Debug|Any CPU
		{D013276D-8334-4EA2-B6B4-58F7D23F7093}.Debug|x86.Build.0 = Debug|Any CPU
		{D013276D-8334-4EA2-B6B4-58F7D23F7093}.Release|Any CPU.ActiveCfg = Release|Any CPU
		{D013276D-8334-4EA2-B6B4-58F7D23F7093}.Release|Any CPU.Build.0 = Release|Any CPU
		{D013276D-8334-4EA2-B6B4-58F7D23F7093}.Release|ARM.ActiveCfg = Release|Any CPU
		{D013276D-8334-4EA2-B6B4-58F7D23F7093}.Release|ARM.Build.0 = Release|Any CPU
		{D013276D-8334-4EA2-B6B4-58F7D23F7093}.Release|x64.ActiveCfg = Release|Any CPU
		{D013276D-8334-4EA2-B6B4-58F7D23F7093}.Release|x64.Build.0 = Release|Any CPU
		{D013276D-8334-4EA2-B6B4-58F7D23F7093}.Release|x86.ActiveCfg = Release|Any CPU
		{D013276D-8334-4EA2-B6B4-58F7D23F7093}.Release|x86.Build.0 = Release|Any CPU
	EndGlobalSection
	GlobalSection(SolutionProperties) = preSolution
		HideSolutionNode = FALSE
	EndGlobalSection
	GlobalSection(ExtensibilityGlobals) = postSolution
		SolutionGuid = {D73C5F2E-4271-49BB-8AB0-0FF582EE6C73}
	EndGlobalSection
EndGlobal
